
Microsoft Visual Studio Solution File, Format Version 12.00
# Visual Studio Version 16
VisualStudioVersion = 16.0.31005.135
MinimumVisualStudioVersion = 10.0.40219.1
Project("{FAE04EC0-301F-11D3-BF4B-00C04F79EFBC}") = "DataFlowExample", "DataFlowExample.csproj", "{289629AA-340F-4D02-B136-12A4F9AB48BB}"
EndProject
Global
	GlobalSection(SolutionConfigurationPlatforms) = preSolution
		Debug|Any CPU = Debug|Any CPU
		Release|Any CPU = Release|Any CPU
	EndGlobalSection
	GlobalSection(ProjectConfigurationPlatforms) = postSolution
		{289629AA-340F-4D02-B136-12A4F9AB48BB}.Debug|Any CPU.ActiveCfg = Debug|Any CPU
		{289629AA-340F-4D02-B136-12A4F9AB48BB}.Debug|Any CPU.Build.0 = Debug|Any CPU
		{289629AA-340F-4D02-B136-12A4F9AB48BB}.Release|Any CPU.ActiveCfg = Release|Any CPU
		{289629AA-340F-4D02-B136-12A4F9AB48BB}.Release|Any CPU.Build.0 = Release|Any CPU
	EndGlobalSection
	GlobalSection(SolutionProperties) = preSolution
		HideSolutionNode = FALSE
	EndGlobalSection
	GlobalSection(ExtensibilityGlobals) = postSolution
		SolutionGuid = {075307E0-4C09-4815-9AC8-9C08B8DAB839}
	EndGlobalSection
EndGlobal
